
Microsoft Visual Studio Solution File, Format Version 12.00
# Visual Studio 14
VisualStudioVersion = 14.0.23107.0
MinimumVisualStudioVersion = 10.0.40219.1
Project("{FAE04EC0-301F-11D3-BF4B-00C04F79EFBC}") = "CrmOauthWebApi", "CrmOauthWebApi\CrmOauthWebApi.csproj", "{69554DAE-F49A-4676-8186-0531FD6F1264}"
EndProject
Project("{2150E333-8FDC-42A3-9474-1A3956D46DE8}") = "PublishScripts", "PublishScripts", "{9C4A4546-B87D-4373-B70C-B6CA0FB79233}"
	ProjectSection(SolutionItems) = preProject
		PublishScripts\AzureVMPublishModule.psm1 = PublishScripts\AzureVMPublishModule.psm1
		PublishScripts\Publish-WebApplicationVM.ps1 = PublishScripts\Publish-WebApplicationVM.ps1
	EndProjectSection
EndProject
Project("{2150E333-8FDC-42A3-9474-1A3956D46DE8}") = "Configurations", "Configurations", "{C3CD8DF2-B30C-49BB-B541-7603C2E6A077}"
	ProjectSection(SolutionItems) = preProject
		PublishScripts\Configurations\CrmOauthWebApi-WAWS-dev.json = PublishScripts\Configurations\CrmOauthWebApi-WAWS-dev.json
	EndProjectSection
EndProject
Global
	GlobalSection(SolutionConfigurationPlatforms) = preSolution
		Debug|Any CPU = Debug|Any CPU
		Release|Any CPU = Release|Any CPU
	EndGlobalSection
	GlobalSection(ProjectConfigurationPlatforms) = postSolution
		{69554DAE-F49A-4676-8186-0531FD6F1264}.Debug|Any CPU.ActiveCfg = Debug|Any CPU
		{69554DAE-F49A-4676-8186-0531FD6F1264}.Debug|Any CPU.Build.0 = Debug|Any CPU
		{69554DAE-F49A-4676-8186-0531FD6F1264}.Release|Any CPU.ActiveCfg = Release|Any CPU
		{69554DAE-F49A-4676-8186-0531FD6F1264}.Release|Any CPU.Build.0 = Release|Any CPU
	EndGlobalSection
	GlobalSection(SolutionProperties) = preSolution
		HideSolutionNode = FALSE
	EndGlobalSection
	GlobalSection(NestedProjects) = preSolution
		{C3CD8DF2-B30C-49BB-B541-7603C2E6A077} = {9C4A4546-B87D-4373-B70C-B6CA0FB79233}
	EndGlobalSection
EndGlobal
